
Microsoft Visual Studio Solution File, Format Version 12.00
# Visual Studio Version 17
VisualStudioVersion = 17.9.34607.119
MinimumVisualStudioVersion = 10.0.40219.1
Project("{54A90642-561A-4BB1-A94E-469ADEE60C69}") = "webclone", "webclone\webclone.esproj", "{E5678575-7207-400E-936A-817FE3E91BC7}"
EndProject
Global
	GlobalSection(SolutionConfigurationPlatforms) = preSolution
		Debug|Any CPU = Debug|Any CPU
		Release|Any CPU = Release|Any CPU
	EndGlobalSection
	GlobalSection(ProjectConfigurationPlatforms) = postSolution
		{E5678575-7207-400E-936A-817FE3E91BC7}.Debug|Any CPU.ActiveCfg = Debug|Any CPU
		{E5678575-7207-400E-936A-817FE3E91BC7}.Debug|Any CPU.Build.0 = Debug|Any CPU
		{E5678575-7207-400E-936A-817FE3E91BC7}.Debug|Any CPU.Deploy.0 = Debug|Any CPU
		{E5678575-7207-400E-936A-817FE3E91BC7}.Release|Any CPU.ActiveCfg = Release|Any CPU
		{E5678575-7207-400E-936A-817FE3E91BC7}.Release|Any CPU.Build.0 = Release|Any CPU
		{E5678575-7207-400E-936A-817FE3E91BC7}.Release|Any CPU.Deploy.0 = Release|Any CPU
	EndGlobalSection
	GlobalSection(SolutionProperties) = preSolution
		HideSolutionNode = FALSE
	EndGlobalSection
	GlobalSection(ExtensibilityGlobals) = postSolution
		SolutionGuid = {B274AD6E-A69C-47EA-8E66-CC89352B639F}
	EndGlobalSection
EndGlobal
